
Microsoft Visual Studio Solution File, Format Version 12.00
# Visual Studio 2013
VisualStudioVersion = 12.0.31101.0
MinimumVisualStudioVersion = 10.0.40219.1
Project("{FAE04EC0-301F-11D3-BF4B-00C04F79EFBC}") = "FirstWebApp", "FirstWebApp\FirstWebApp.csproj", "{356273A5-2821-42BC-BED3-B74599D5E516}"
EndProject
Project("{FAE04EC0-301F-11D3-BF4B-00C04F79EFBC}") = "FirstWebApp.Tests", "FirstWebApp.Tests\FirstWebApp.Tests.csproj", "{28438E07-9EE9-4311-BEAD-174C50816156}"
EndProject
Global
	GlobalSection(SolutionConfigurationPlatforms) = preSolution
		Debug|Any CPU = Debug|Any CPU
		Release|Any CPU = Release|Any CPU
	EndGlobalSection
	GlobalSection(ProjectConfigurationPlatforms) = postSolution
		{356273A5-2821-42BC-BED3-B74599D5E516}.Debug|Any CPU.ActiveCfg = Debug|Any CPU
		{356273A5-2821-42BC-BED3-B74599D5E516}.Debug|Any CPU.Build.0 = Debug|Any CPU
		{356273A5-2821-42BC-BED3-B74599D5E516}.Release|Any CPU.ActiveCfg = Release|Any CPU
		{356273A5-2821-42BC-BED3-B74599D5E516}.Release|Any CPU.Build.0 = Release|Any CPU
		{28438E07-9EE9-4311-BEAD-174C50816156}.Debug|Any CPU.ActiveCfg = Debug|Any CPU
		{28438E07-9EE9-4311-BEAD-174C50816156}.Debug|Any CPU.Build.0 = Debug|Any CPU
		{28438E07-9EE9-4311-BEAD-174C50816156}.Release|Any CPU.ActiveCfg = Release|Any CPU
		{28438E07-9EE9-4311-BEAD-174C50816156}.Release|Any CPU.Build.0 = Release|Any CPU
	EndGlobalSection
	GlobalSection(SolutionProperties) = preSolution
		HideSolutionNode = FALSE
	EndGlobalSection
EndGlobal
